
Microsoft Visual Studio Solution File, Format Version 12.00
# Visual Studio Version 16
VisualStudioVersion = 16.0.32228.343
MinimumVisualStudioVersion = 10.0.40219.1
Project("{FAE04EC0-301F-11D3-BF4B-00C04F79EFBC}") = "bai2", "bai2\bai2.csproj", "{4EBAD93B-E5E8-4337-AAD4-65B5465A0398}"
EndProject
Global
	GlobalSection(SolutionConfigurationPlatforms) = preSolution
		Debug|Any CPU = Debug|Any CPU
		Release|Any CPU = Release|Any CPU
	EndGlobalSection
	GlobalSection(ProjectConfigurationPlatforms) = postSolution
		{4EBAD93B-E5E8-4337-AAD4-65B5465A0398}.Debug|Any CPU.ActiveCfg = Debug|Any CPU
		{4EBAD93B-E5E8-4337-AAD4-65B5465A0398}.Debug|Any CPU.Build.0 = Debug|Any CPU
		{4EBAD93B-E5E8-4337-AAD4-65B5465A0398}.Release|Any CPU.ActiveCfg = Release|Any CPU
		{4EBAD93B-E5E8-4337-AAD4-65B5465A0398}.Release|Any CPU.Build.0 = Release|Any CPU
	EndGlobalSection
	GlobalSection(SolutionProperties) = preSolution
		HideSolutionNode = FALSE
	EndGlobalSection
	GlobalSection(ExtensibilityGlobals) = postSolution
		SolutionGuid = {D9B7780F-9F86-47CB-AA50-C2867F770E77}
	EndGlobalSection
EndGlobal
